
Microsoft Visual Studio Solution File, Format Version 12.00
# Visual Studio Version 17
VisualStudioVersion = 17.6.33723.286
MinimumVisualStudioVersion = 10.0.40219.1
Project("{9A19103F-16F7-4668-BE54-9A1E7A4F7556}") = "MindBox.FiguresLib", "MindBox.Figures\MindBox.FiguresLib.csproj", "{F7CCF2A7-3C2A-4205-9184-2362508CFF92}"
EndProject
Project("{9A19103F-16F7-4668-BE54-9A1E7A4F7556}") = "Mindbox.ConsoleApp", "Mindbox.ConsoleApp\Mindbox.ConsoleApp.csproj", "{08F1695E-CA72-4B90-A465-9DD9B4562D66}"
EndProject
Project("{2150E333-8FDC-42A3-9474-1A3956D46DE8}") = "Tests", "Tests", "{8CE19E13-323D-433D-B3DE-662B904206DF}"
EndProject
Project("{FAE04EC0-301F-11D3-BF4B-00C04F79EFBC}") = "Mindbox.Figures.Tests", "Mindbox.Figures.Tests\Mindbox.Figures.Tests.csproj", "{C8A59188-1D64-4A47-BD77-707D0CEB05DB}"
EndProject
Project("{2150E333-8FDC-42A3-9474-1A3956D46DE8}") = "MSSQL task", "MSSQL task", "{D7354252-E451-4CE6-94DD-398A35563FE6}"
	ProjectSection(SolutionItems) = preProject
		DatabaseSchema.sql = DatabaseSchema.sql
		query.sql = query.sql
	EndProjectSection
EndProject
Global
	GlobalSection(SolutionConfigurationPlatforms) = preSolution
		Debug|Any CPU = Debug|Any CPU
		Release|Any CPU = Release|Any CPU
	EndGlobalSection
	GlobalSection(ProjectConfigurationPlatforms) = postSolution
		{F7CCF2A7-3C2A-4205-9184-2362508CFF92}.Debug|Any CPU.ActiveCfg = Debug|Any CPU
		{F7CCF2A7-3C2A-4205-9184-2362508CFF92}.Debug|Any CPU.Build.0 = Debug|Any CPU
		{F7CCF2A7-3C2A-4205-9184-2362508CFF92}.Release|Any CPU.ActiveCfg = Release|Any CPU
		{F7CCF2A7-3C2A-4205-9184-2362508CFF92}.Release|Any CPU.Build.0 = Release|Any CPU
		{08F1695E-CA72-4B90-A465-9DD9B4562D66}.Debug|Any CPU.ActiveCfg = Debug|Any CPU
		{08F1695E-CA72-4B90-A465-9DD9B4562D66}.Debug|Any CPU.Build.0 = Debug|Any CPU
		{08F1695E-CA72-4B90-A465-9DD9B4562D66}.Release|Any CPU.ActiveCfg = Release|Any CPU
		{08F1695E-CA72-4B90-A465-9DD9B4562D66}.Release|Any CPU.Build.0 = Release|Any CPU
		{C8A59188-1D64-4A47-BD77-707D0CEB05DB}.Debug|Any CPU.ActiveCfg = Debug|Any CPU
		{C8A59188-1D64-4A47-BD77-707D0CEB05DB}.Debug|Any CPU.Build.0 = Debug|Any CPU
		{C8A59188-1D64-4A47-BD77-707D0CEB05DB}.Release|Any CPU.ActiveCfg = Release|Any CPU
		{C8A59188-1D64-4A47-BD77-707D0CEB05DB}.Release|Any CPU.Build.0 = Release|Any CPU
	EndGlobalSection
	GlobalSection(SolutionProperties) = preSolution
		HideSolutionNode = FALSE
	EndGlobalSection
	GlobalSection(NestedProjects) = preSolution
		{C8A59188-1D64-4A47-BD77-707D0CEB05DB} = {8CE19E13-323D-433D-B3DE-662B904206DF}
	EndGlobalSection
	GlobalSection(ExtensibilityGlobals) = postSolution
		SolutionGuid = {BE443F49-0A37-49D5-98E5-08F8E9F4C450}
	EndGlobalSection
EndGlobal
